
Microsoft Visual Studio Solution File, Format Version 12.00
# Visual Studio Version 17
VisualStudioVersion = 17.0.32014.148
MinimumVisualStudioVersion = 10.0.40219.1
Project("{9A19103F-16F7-4668-BE54-9A1E7A4F7556}") = "G2V.client.datasync.service", "G2V.client.datasync.service\G2V.client.datasync.service.csproj", "{CCD7B67F-D830-4FC4-BB68-916576508E8C}"
EndProject
Project("{9A19103F-16F7-4668-BE54-9A1E7A4F7556}") = "G2V.client.datasync.service.tests", "G2V.client.datasync.service.tests\G2V.client.datasync.service.tests.csproj", "{B91F6541-056D-4A74-8CFA-C492704D907D}"
EndProject
Project("{2150E333-8FDC-42A3-9474-1A3956D46DE8}") = "Solution Items", "Solution Items", "{378099C0-0924-4C93-AD80-76F4B81312F2}"
	ProjectSection(SolutionItems) = preProject
		.editorconfig = .editorconfig
	EndProjectSection
EndProject
Global
	GlobalSection(SolutionConfigurationPlatforms) = preSolution
		Debug|Any CPU = Debug|Any CPU
		Release|Any CPU = Release|Any CPU
	EndGlobalSection
	GlobalSection(ProjectConfigurationPlatforms) = postSolution
		{CCD7B67F-D830-4FC4-BB68-916576508E8C}.Debug|Any CPU.ActiveCfg = Debug|Any CPU
		{CCD7B67F-D830-4FC4-BB68-916576508E8C}.Debug|Any CPU.Build.0 = Debug|Any CPU
		{CCD7B67F-D830-4FC4-BB68-916576508E8C}.Release|Any CPU.ActiveCfg = Release|Any CPU
		{CCD7B67F-D830-4FC4-BB68-916576508E8C}.Release|Any CPU.Build.0 = Release|Any CPU
		{B91F6541-056D-4A74-8CFA-C492704D907D}.Debug|Any CPU.ActiveCfg = Debug|Any CPU
		{B91F6541-056D-4A74-8CFA-C492704D907D}.Debug|Any CPU.Build.0 = Debug|Any CPU
		{B91F6541-056D-4A74-8CFA-C492704D907D}.Release|Any CPU.ActiveCfg = Release|Any CPU
		{B91F6541-056D-4A74-8CFA-C492704D907D}.Release|Any CPU.Build.0 = Release|Any CPU
	EndGlobalSection
	GlobalSection(SolutionProperties) = preSolution
		HideSolutionNode = FALSE
	EndGlobalSection
	GlobalSection(ExtensibilityGlobals) = postSolution
		SolutionGuid = {63DB1AE3-FB4F-4359-874E-39E1FE3200FF}
	EndGlobalSection
EndGlobal
